{
  "version": 4,
  "terraform_version": "0.12.3",
  "serial": 53,
  "lineage": "13f7a6c6-c02c-5b10-903a-9f1a84cad953",
  "outputs": {},
  "resources": [
    {
      "mode": "managed",
      "type": "aws_acm_certificate",
      "name": "dev-k1chn-com",
      "provider": "provider.aws.east",
      "instances": [
        {
          "schema_version": 0,
          "attributes": {
            "arn": "arn:aws:acm:us-east-1:736536521117:certificate/7a665462-c8cc-494a-bf43-1cf71acc88db",
            "certificate_body": null,
            "certificate_chain": null,
            "domain_name": "dev.k1chn.com",
            "domain_validation_options": [
              {
                "domain_name": "dev.k1chn.com",
                "resource_record_name": "_5180e00d8028b2a10bc560f6db045360.dev.k1chn.com.",
                "resource_record_type": "CNAME",
                "resource_record_value": "_d0106e140d5546580e9db72f5d121364.duyqrilejt.acm-validations.aws."
              },
              {
                "domain_name": "www.dev.k1chn.com",
                "resource_record_name": "_443adcf62342076994847b01a2bce834.www.dev.k1chn.com.",
                "resource_record_type": "CNAME",
                "resource_record_value": "_0de0bef6e0f52f183894af33ea59195d.duyqrilejt.acm-validations.aws."
              }
            ],
            "id": "arn:aws:acm:us-east-1:736536521117:certificate/7a665462-c8cc-494a-bf43-1cf71acc88db",
            "private_key": null,
            "subject_alternative_names": [
              "www.dev.k1chn.com"
            ],
            "tags": {},
            "validation_emails": [],
            "validation_method": "DNS"
          },
          "private": "bnVsbA=="
        }
      ]
    },
    {
      "mode": "managed",
      "type": "aws_acm_certificate",
      "name": "k1chn-com",
      "provider": "provider.aws.east",
      "instances": [
        {
          "schema_version": 0,
          "attributes": {
            "arn": "arn:aws:acm:us-east-1:736536521117:certificate/b3e04af7-2e97-454d-8a05-3e625ef35288",
            "certificate_body": null,
            "certificate_chain": null,
            "domain_name": "k1chn.com",
            "domain_validation_options": [
              {
                "domain_name": "k1chn.com",
                "resource_record_name": "_f04c46f6f3b8c6e1f4ee63548d9a6882.k1chn.com.",
                "resource_record_type": "CNAME",
                "resource_record_value": "_8bc74fabffef082e969cd174ab215f13.duyqrilejt.acm-validations.aws."
              },
              {
                "domain_name": "www.k1chn.com",
                "resource_record_name": "_227377e6b9783e9e2c18ea6a508ca4af.www.k1chn.com.",
                "resource_record_type": "CNAME",
                "resource_record_value": "_063a5445db36f86d3bbac1b1e5cbece5.duyqrilejt.acm-validations.aws."
              }
            ],
            "id": "arn:aws:acm:us-east-1:736536521117:certificate/b3e04af7-2e97-454d-8a05-3e625ef35288",
            "private_key": null,
            "subject_alternative_names": [
              "www.k1chn.com"
            ],
            "tags": {},
            "validation_emails": [],
            "validation_method": "DNS"
          },
          "private": "bnVsbA=="
        }
      ]
    },
    {
      "mode": "managed",
      "type": "aws_acm_certificate_validation",
      "name": "dev-k1chn-com",
      "provider": "provider.aws.east",
      "instances": [
        {
          "schema_version": 0,
          "attributes": {
            "certificate_arn": "arn:aws:acm:us-east-1:736536521117:certificate/7a665462-c8cc-494a-bf43-1cf71acc88db",
            "id": "2019-07-07 03:45:31 +0000 UTC",
            "timeouts": null,
            "validation_record_fqdns": [
              "_443adcf62342076994847b01a2bce834.www.dev.k1chn.com",
              "_5180e00d8028b2a10bc560f6db045360.dev.k1chn.com"
            ]
          },
          "private": "eyJlMmJmYjczMC1lY2FhLTExZTYtOGY4OC0zNDM2M2JjN2M0YzAiOnsiY3JlYXRlIjoyNzAwMDAwMDAwMDAwfX0=",
          "depends_on": [
            "aws_acm_certificate.dev-k1chn-com",
            "aws_route53_record.dev-k1chn-com-cert-validation",
            "aws_route53_record.www-dev-k1chn-com-cert-validation"
          ]
        }
      ]
    },
    {
      "mode": "managed",
      "type": "aws_acm_certificate_validation",
      "name": "k1chn-com",
      "provider": "provider.aws.east",
      "instances": [
        {
          "schema_version": 0,
          "attributes": {
            "certificate_arn": "arn:aws:acm:us-east-1:736536521117:certificate/b3e04af7-2e97-454d-8a05-3e625ef35288",
            "id": "2019-07-06 21:15:05 +0000 UTC",
            "timeouts": null,
            "validation_record_fqdns": [
              "_227377e6b9783e9e2c18ea6a508ca4af.www.k1chn.com",
              "_f04c46f6f3b8c6e1f4ee63548d9a6882.k1chn.com"
            ]
          },
          "private": "eyJlMmJmYjczMC1lY2FhLTExZTYtOGY4OC0zNDM2M2JjN2M0YzAiOnsiY3JlYXRlIjoyNzAwMDAwMDAwMDAwfX0=",
          "depends_on": [
            "aws_acm_certificate.k1chn-com",
            "aws_route53_record.k1chn-com-cert-validation",
            "aws_route53_record.www-k1chn-com-cert-validation"
          ]
        }
      ]
    },
    {
      "mode": "managed",
      "type": "aws_cloudfront_distribution",
      "name": "dev-k1chn-com",
      "provider": "provider.aws",
      "instances": [
        {
          "schema_version": 1,
          "attributes": {
            "active_trusted_signers": {
              "enabled": "false",
              "items.#": "0"
            },
            "aliases": [
              "dev.k1chn.com",
              "www.dev.k1chn.com"
            ],
            "arn": "arn:aws:cloudfront::736536521117:distribution/E2TKETTMNUP7KO",
            "cache_behavior": [],
            "caller_reference": "2019-07-06T20:47:31.567008-07:00",
            "comment": "dev.k1chn.com cloudfront distribution",
            "custom_error_response": [],
            "default_cache_behavior": [
              {
                "allowed_methods": [
                  "GET",
                  "HEAD",
                  "OPTIONS"
                ],
                "cached_methods": [
                  "GET",
                  "HEAD"
                ],
                "compress": true,
                "default_ttl": 86400,
                "field_level_encryption_id": "",
                "forwarded_values": [
                  {
                    "cookies": [
                      {
                        "forward": "all",
                        "whitelisted_names": null
                      }
                    ],
                    "headers": null,
                    "query_string": true,
                    "query_string_cache_keys": null
                  }
                ],
                "lambda_function_association": [],
                "max_ttl": 31536000,
                "min_ttl": 0,
                "smooth_streaming": false,
                "target_origin_id": "dev-k1chn-com-origin",
                "trusted_signers": null,
                "viewer_protocol_policy": "redirect-to-https"
              }
            ],
            "default_root_object": "index.html",
            "domain_name": "d1fist0j35o4k1.cloudfront.net",
            "enabled": true,
            "etag": "E2LXC4QCKONULH",
            "hosted_zone_id": "Z2FDTNDATAQYW2",
            "http_version": "http2",
            "id": "E2TKETTMNUP7KO",
            "in_progress_validation_batches": 0,
            "is_ipv6_enabled": true,
            "last_modified_time": "2019-07-07 03:47:32.048 +0000 UTC",
            "logging_config": [],
            "ordered_cache_behavior": [],
            "origin": [
              {
                "custom_header": [],
                "custom_origin_config": [
                  {
                    "http_port": 80,
                    "https_port": 443,
                    "origin_keepalive_timeout": 5,
                    "origin_protocol_policy": "http-only",
                    "origin_read_timeout": 30,
                    "origin_ssl_protocols": [
                      "TLSv1.2"
                    ]
                  }
                ],
                "domain_name": "k1chn-com.s3-website-us-west-2.amazonaws.com",
                "origin_id": "dev-k1chn-com-origin",
                "origin_path": "",
                "s3_origin_config": []
              }
            ],
            "origin_group": [],
            "price_class": "PriceClass_All",
            "restrictions": [
              {
                "geo_restriction": [
                  {
                    "locations": null,
                    "restriction_type": "none"
                  }
                ]
              }
            ],
            "retain_on_delete": false,
            "status": "Deployed",
            "tags": null,
            "viewer_certificate": [
              {
                "acm_certificate_arn": "arn:aws:acm:us-east-1:736536521117:certificate/7a665462-c8cc-494a-bf43-1cf71acc88db",
                "cloudfront_default_certificate": false,
                "iam_certificate_id": "",
                "minimum_protocol_version": "TLSv1",
                "ssl_support_method": "sni-only"
              }
            ],
            "wait_for_deployment": true,
            "web_acl_id": ""
          },
          "private": "eyJzY2hlbWFfdmVyc2lvbiI6IjEifQ==",
          "depends_on": [
            "aws_acm_certificate.dev-k1chn-com",
            "aws_s3_bucket.k1chn-com"
          ]
        }
      ]
    },
    {
      "mode": "managed",
      "type": "aws_cloudfront_distribution",
      "name": "k1chn-com",
      "provider": "provider.aws",
      "instances": [
        {
          "schema_version": 1,
          "attributes": {
            "active_trusted_signers": {
              "enabled": "false",
              "items.#": "0"
            },
            "aliases": [
              "k1chn.com",
              "www.k1chn.com"
            ],
            "arn": "arn:aws:cloudfront::736536521117:distribution/E3YYOY51H28TS",
            "cache_behavior": [],
            "caller_reference": "2019-07-06T14:18:36.8417-07:00",
            "comment": "k1chn.com cloudfront distribution",
            "custom_error_response": [],
            "default_cache_behavior": [
              {
                "allowed_methods": [
                  "GET",
                  "HEAD",
                  "OPTIONS"
                ],
                "cached_methods": [
                  "GET",
                  "HEAD"
                ],
                "compress": true,
                "default_ttl": 86400,
                "field_level_encryption_id": "",
                "forwarded_values": [
                  {
                    "cookies": [
                      {
                        "forward": "all",
                        "whitelisted_names": []
                      }
                    ],
                    "headers": [],
                    "query_string": true,
                    "query_string_cache_keys": []
                  }
                ],
                "lambda_function_association": [],
                "max_ttl": 31536000,
                "min_ttl": 0,
                "smooth_streaming": false,
                "target_origin_id": "k1chn-com-origin",
                "trusted_signers": [],
                "viewer_protocol_policy": "redirect-to-https"
              }
            ],
            "default_root_object": "index.html",
            "domain_name": "d1c8tc0suip5rn.cloudfront.net",
            "enabled": true,
            "etag": "E2K19EV87XPAUK",
            "hosted_zone_id": "Z2FDTNDATAQYW2",
            "http_version": "http2",
            "id": "E3YYOY51H28TS",
            "in_progress_validation_batches": 0,
            "is_ipv6_enabled": true,
            "last_modified_time": "2019-07-07 01:10:49.347 +0000 UTC",
            "logging_config": [],
            "ordered_cache_behavior": [],
            "origin": [
              {
                "custom_header": [],
                "custom_origin_config": [
                  {
                    "http_port": 80,
                    "https_port": 443,
                    "origin_keepalive_timeout": 5,
                    "origin_protocol_policy": "http-only",
                    "origin_read_timeout": 30,
                    "origin_ssl_protocols": [
                      "TLSv1.2"
                    ]
                  }
                ],
                "domain_name": "k1chn-com.s3-website-us-west-2.amazonaws.com",
                "origin_id": "k1chn-com-origin",
                "origin_path": "",
                "s3_origin_config": []
              }
            ],
            "origin_group": [],
            "price_class": "PriceClass_All",
            "restrictions": [
              {
                "geo_restriction": [
                  {
                    "locations": [],
                    "restriction_type": "none"
                  }
                ]
              }
            ],
            "retain_on_delete": false,
            "status": "Deployed",
            "tags": {},
            "viewer_certificate": [
              {
                "acm_certificate_arn": "arn:aws:acm:us-east-1:736536521117:certificate/b3e04af7-2e97-454d-8a05-3e625ef35288",
                "cloudfront_default_certificate": false,
                "iam_certificate_id": "",
                "minimum_protocol_version": "TLSv1",
                "ssl_support_method": "sni-only"
              }
            ],
            "wait_for_deployment": true,
            "web_acl_id": ""
          },
          "private": "eyJzY2hlbWFfdmVyc2lvbiI6IjEifQ==",
          "depends_on": [
            "aws_acm_certificate.k1chn-com",
            "aws_s3_bucket.k1chn-com"
          ]
        }
      ]
    },
    {
      "mode": "managed",
      "type": "aws_route53_record",
      "name": "dev-k1chn-com-a",
      "provider": "provider.aws",
      "instances": [
        {
          "schema_version": 2,
          "attributes": {
            "alias": [
              {
                "evaluate_target_health": false,
                "name": "d1fist0j35o4k1.cloudfront.net",
                "zone_id": "Z2FDTNDATAQYW2"
              }
            ],
            "allow_overwrite": null,
            "failover_routing_policy": [],
            "fqdn": "dev.k1chn.com",
            "geolocation_routing_policy": [],
            "health_check_id": null,
            "id": "Z3K4RGFQHRN857_dev_A",
            "latency_routing_policy": [],
            "multivalue_answer_routing_policy": null,
            "name": "dev",
            "records": null,
            "set_identifier": null,
            "ttl": null,
            "type": "A",
            "weighted_routing_policy": [],
            "zone_id": "Z3K4RGFQHRN857"
          },
          "private": "eyJzY2hlbWFfdmVyc2lvbiI6IjIifQ==",
          "depends_on": [
            "aws_cloudfront_distribution.dev-k1chn-com",
            "aws_route53_zone.k1chn-com"
          ]
        }
      ]
    },
    {
      "mode": "managed",
      "type": "aws_route53_record",
      "name": "dev-k1chn-com-cert-validation",
      "provider": "provider.aws",
      "instances": [
        {
          "schema_version": 2,
          "attributes": {
            "alias": [],
            "allow_overwrite": null,
            "failover_routing_policy": [],
            "fqdn": "_5180e00d8028b2a10bc560f6db045360.dev.k1chn.com",
            "geolocation_routing_policy": [],
            "health_check_id": "",
            "id": "Z3K4RGFQHRN857__5180e00d8028b2a10bc560f6db045360.dev.k1chn.com._CNAME",
            "latency_routing_policy": [],
            "multivalue_answer_routing_policy": null,
            "name": "_5180e00d8028b2a10bc560f6db045360.dev.k1chn.com",
            "records": [
              "_d0106e140d5546580e9db72f5d121364.duyqrilejt.acm-validations.aws."
            ],
            "set_identifier": "",
            "ttl": 60,
            "type": "CNAME",
            "weighted_routing_policy": [],
            "zone_id": "Z3K4RGFQHRN857"
          },
          "private": "eyJzY2hlbWFfdmVyc2lvbiI6IjIifQ==",
          "depends_on": [
            "aws_acm_certificate.dev-k1chn-com",
            "aws_route53_zone.k1chn-com"
          ]
        }
      ]
    },
    {
      "mode": "managed",
      "type": "aws_route53_record",
      "name": "k1chn-com-a",
      "provider": "provider.aws",
      "instances": [
        {
          "schema_version": 2,
          "attributes": {
            "alias": [
              {
                "evaluate_target_health": false,
                "name": "d1c8tc0suip5rn.cloudfront.net",
                "zone_id": "Z2FDTNDATAQYW2"
              }
            ],
            "allow_overwrite": null,
            "failover_routing_policy": [],
            "fqdn": "k1chn.com",
            "geolocation_routing_policy": [],
            "health_check_id": "",
            "id": "Z3K4RGFQHRN857__A",
            "latency_routing_policy": [],
            "multivalue_answer_routing_policy": null,
            "name": "",
            "records": [],
            "set_identifier": "",
            "ttl": 0,
            "type": "A",
            "weighted_routing_policy": [],
            "zone_id": "Z3K4RGFQHRN857"
          },
          "private": "eyJzY2hlbWFfdmVyc2lvbiI6IjIifQ==",
          "depends_on": [
            "aws_cloudfront_distribution.k1chn-com",
            "aws_route53_zone.k1chn-com"
          ]
        }
      ]
    },
    {
      "mode": "managed",
      "type": "aws_route53_record",
      "name": "k1chn-com-aaaa",
      "provider": "provider.aws",
      "instances": [
        {
          "schema_version": 2,
          "attributes": {
            "alias": [
              {
                "evaluate_target_health": false,
                "name": "d1c8tc0suip5rn.cloudfront.net",
                "zone_id": "Z2FDTNDATAQYW2"
              }
            ],
            "allow_overwrite": null,
            "failover_routing_policy": [],
            "fqdn": "k1chn.com",
            "geolocation_routing_policy": [],
            "health_check_id": "",
            "id": "Z3K4RGFQHRN857__AAAA",
            "latency_routing_policy": [],
            "multivalue_answer_routing_policy": null,
            "name": "",
            "records": [],
            "set_identifier": "",
            "ttl": 0,
            "type": "AAAA",
            "weighted_routing_policy": [],
            "zone_id": "Z3K4RGFQHRN857"
          },
          "private": "eyJzY2hlbWFfdmVyc2lvbiI6IjIifQ==",
          "depends_on": [
            "aws_cloudfront_distribution.k1chn-com",
            "aws_route53_zone.k1chn-com"
          ]
        }
      ]
    },
    {
      "mode": "managed",
      "type": "aws_route53_record",
      "name": "k1chn-com-cert-validation",
      "provider": "provider.aws",
      "instances": [
        {
          "schema_version": 2,
          "attributes": {
            "alias": [],
            "allow_overwrite": null,
            "failover_routing_policy": [],
            "fqdn": "_f04c46f6f3b8c6e1f4ee63548d9a6882.k1chn.com",
            "geolocation_routing_policy": [],
            "health_check_id": "",
            "id": "Z3K4RGFQHRN857__f04c46f6f3b8c6e1f4ee63548d9a6882.k1chn.com._CNAME",
            "latency_routing_policy": [],
            "multivalue_answer_routing_policy": null,
            "name": "_f04c46f6f3b8c6e1f4ee63548d9a6882.k1chn.com",
            "records": [
              "_8bc74fabffef082e969cd174ab215f13.duyqrilejt.acm-validations.aws."
            ],
            "set_identifier": "",
            "ttl": 60,
            "type": "CNAME",
            "weighted_routing_policy": [],
            "zone_id": "Z3K4RGFQHRN857"
          },
          "private": "eyJzY2hlbWFfdmVyc2lvbiI6IjIifQ==",
          "depends_on": [
            "aws_acm_certificate.k1chn-com",
            "aws_route53_zone.k1chn-com"
          ]
        }
      ]
    },
    {
      "mode": "managed",
      "type": "aws_route53_record",
      "name": "k1chn-com-google",
      "provider": "provider.aws",
      "instances": [
        {
          "schema_version": 2,
          "attributes": {
            "alias": [],
            "allow_overwrite": null,
            "failover_routing_policy": [],
            "fqdn": "k1chn.com",
            "geolocation_routing_policy": [],
            "health_check_id": "",
            "id": "Z3K4RGFQHRN857__TXT",
            "latency_routing_policy": [],
            "multivalue_answer_routing_policy": null,
            "name": "",
            "records": [
              "google-site-verification=4F22G9eDIka8wlNx2L22MIvzz6T0F9f7U4gUsu5YoEo"
            ],
            "set_identifier": "",
            "ttl": 300,
            "type": "TXT",
            "weighted_routing_policy": [],
            "zone_id": "Z3K4RGFQHRN857"
          },
          "private": "eyJzY2hlbWFfdmVyc2lvbiI6IjIifQ==",
          "depends_on": [
            "aws_route53_zone.k1chn-com"
          ]
        }
      ]
    },
    {
      "mode": "managed",
      "type": "aws_route53_record",
      "name": "k1chn-com-keybase",
      "provider": "provider.aws",
      "instances": [
        {
          "schema_version": 2,
          "attributes": {
            "alias": [],
            "allow_overwrite": null,
            "failover_routing_policy": [],
            "fqdn": "_keybase.k1chn.com",
            "geolocation_routing_policy": [],
            "health_check_id": "",
            "id": "Z3K4RGFQHRN857__keybase_TXT",
            "latency_routing_policy": [],
            "multivalue_answer_routing_policy": null,
            "name": "_keybase",
            "records": [
              "keybase-site-verification=VoTtE4BZ-4lGoH4_jOd-ZvX3IQQTDdjehHzjqc4UkaU"
            ],
            "set_identifier": "",
            "ttl": 300,
            "type": "TXT",
            "weighted_routing_policy": [],
            "zone_id": "Z3K4RGFQHRN857"
          },
          "private": "eyJzY2hlbWFfdmVyc2lvbiI6IjIifQ==",
          "depends_on": [
            "aws_route53_zone.k1chn-com"
          ]
        }
      ]
    },
    {
      "mode": "managed",
      "type": "aws_route53_record",
      "name": "www-dev-k1chn-com-a",
      "provider": "provider.aws",
      "instances": [
        {
          "schema_version": 2,
          "attributes": {
            "alias": [
              {
                "evaluate_target_health": false,
                "name": "d1fist0j35o4k1.cloudfront.net",
                "zone_id": "Z2FDTNDATAQYW2"
              }
            ],
            "allow_overwrite": null,
            "failover_routing_policy": [],
            "fqdn": "www.dev.k1chn.com",
            "geolocation_routing_policy": [],
            "health_check_id": null,
            "id": "Z3K4RGFQHRN857_www.dev_A",
            "latency_routing_policy": [],
            "multivalue_answer_routing_policy": null,
            "name": "www.dev",
            "records": null,
            "set_identifier": null,
            "ttl": null,
            "type": "A",
            "weighted_routing_policy": [],
            "zone_id": "Z3K4RGFQHRN857"
          },
          "private": "eyJzY2hlbWFfdmVyc2lvbiI6IjIifQ==",
          "depends_on": [
            "aws_cloudfront_distribution.dev-k1chn-com",
            "aws_route53_zone.k1chn-com"
          ]
        }
      ]
    },
    {
      "mode": "managed",
      "type": "aws_route53_record",
      "name": "www-dev-k1chn-com-cert-validation",
      "provider": "provider.aws",
      "instances": [
        {
          "schema_version": 2,
          "attributes": {
            "alias": [],
            "allow_overwrite": null,
            "failover_routing_policy": [],
            "fqdn": "_443adcf62342076994847b01a2bce834.www.dev.k1chn.com",
            "geolocation_routing_policy": [],
            "health_check_id": "",
            "id": "Z3K4RGFQHRN857__443adcf62342076994847b01a2bce834.www.dev.k1chn.com._CNAME",
            "latency_routing_policy": [],
            "multivalue_answer_routing_policy": null,
            "name": "_443adcf62342076994847b01a2bce834.www.dev.k1chn.com",
            "records": [
              "_0de0bef6e0f52f183894af33ea59195d.duyqrilejt.acm-validations.aws."
            ],
            "set_identifier": "",
            "ttl": 60,
            "type": "CNAME",
            "weighted_routing_policy": [],
            "zone_id": "Z3K4RGFQHRN857"
          },
          "private": "eyJzY2hlbWFfdmVyc2lvbiI6IjIifQ==",
          "depends_on": [
            "aws_acm_certificate.dev-k1chn-com",
            "aws_route53_zone.k1chn-com"
          ]
        }
      ]
    },
    {
      "mode": "managed",
      "type": "aws_route53_record",
      "name": "www-k1chn-com-a",
      "provider": "provider.aws",
      "instances": [
        {
          "schema_version": 2,
          "attributes": {
            "alias": [
              {
                "evaluate_target_health": false,
                "name": "d1c8tc0suip5rn.cloudfront.net",
                "zone_id": "Z2FDTNDATAQYW2"
              }
            ],
            "allow_overwrite": null,
            "failover_routing_policy": [],
            "fqdn": "www.k1chn.com",
            "geolocation_routing_policy": [],
            "health_check_id": "",
            "id": "Z3K4RGFQHRN857_www_A",
            "latency_routing_policy": [],
            "multivalue_answer_routing_policy": null,
            "name": "www",
            "records": [],
            "set_identifier": "",
            "ttl": 0,
            "type": "A",
            "weighted_routing_policy": [],
            "zone_id": "Z3K4RGFQHRN857"
          },
          "private": "eyJzY2hlbWFfdmVyc2lvbiI6IjIifQ==",
          "depends_on": [
            "aws_cloudfront_distribution.k1chn-com",
            "aws_route53_zone.k1chn-com"
          ]
        }
      ]
    },
    {
      "mode": "managed",
      "type": "aws_route53_record",
      "name": "www-k1chn-com-aaaa",
      "provider": "provider.aws",
      "instances": [
        {
          "schema_version": 2,
          "attributes": {
            "alias": [
              {
                "evaluate_target_health": false,
                "name": "d1c8tc0suip5rn.cloudfront.net",
                "zone_id": "Z2FDTNDATAQYW2"
              }
            ],
            "allow_overwrite": null,
            "failover_routing_policy": [],
            "fqdn": "www.k1chn.com",
            "geolocation_routing_policy": [],
            "health_check_id": "",
            "id": "Z3K4RGFQHRN857_www_AAAA",
            "latency_routing_policy": [],
            "multivalue_answer_routing_policy": null,
            "name": "www",
            "records": [],
            "set_identifier": "",
            "ttl": 0,
            "type": "AAAA",
            "weighted_routing_policy": [],
            "zone_id": "Z3K4RGFQHRN857"
          },
          "private": "eyJzY2hlbWFfdmVyc2lvbiI6IjIifQ==",
          "depends_on": [
            "aws_cloudfront_distribution.k1chn-com",
            "aws_route53_zone.k1chn-com"
          ]
        }
      ]
    },
    {
      "mode": "managed",
      "type": "aws_route53_record",
      "name": "www-k1chn-com-cert-validation",
      "provider": "provider.aws",
      "instances": [
        {
          "schema_version": 2,
          "attributes": {
            "alias": [],
            "allow_overwrite": null,
            "failover_routing_policy": [],
            "fqdn": "_227377e6b9783e9e2c18ea6a508ca4af.www.k1chn.com",
            "geolocation_routing_policy": [],
            "health_check_id": "",
            "id": "Z3K4RGFQHRN857__227377e6b9783e9e2c18ea6a508ca4af.www.k1chn.com._CNAME",
            "latency_routing_policy": [],
            "multivalue_answer_routing_policy": null,
            "name": "_227377e6b9783e9e2c18ea6a508ca4af.www.k1chn.com",
            "records": [
              "_063a5445db36f86d3bbac1b1e5cbece5.duyqrilejt.acm-validations.aws."
            ],
            "set_identifier": "",
            "ttl": 60,
            "type": "CNAME",
            "weighted_routing_policy": [],
            "zone_id": "Z3K4RGFQHRN857"
          },
          "private": "eyJzY2hlbWFfdmVyc2lvbiI6IjIifQ==",
          "depends_on": [
            "aws_acm_certificate.k1chn-com",
            "aws_route53_zone.k1chn-com"
          ]
        }
      ]
    },
    {
      "mode": "managed",
      "type": "aws_route53_zone",
      "name": "k1chn-com",
      "provider": "provider.aws",
      "instances": [
        {
          "schema_version": 0,
          "attributes": {
            "comment": "k1chn.com",
            "delegation_set_id": "",
            "force_destroy": false,
            "id": "Z3K4RGFQHRN857",
            "name": "k1chn.com.",
            "name_servers": [
              "ns-1216.awsdns-24.org",
              "ns-1715.awsdns-22.co.uk",
              "ns-336.awsdns-42.com",
              "ns-718.awsdns-25.net"
            ],
            "tags": {},
            "vpc": [],
            "vpc_id": null,
            "vpc_region": null,
            "zone_id": "Z3K4RGFQHRN857"
          },
          "private": "bnVsbA=="
        }
      ]
    },
    {
      "mode": "managed",
      "type": "aws_s3_bucket",
      "name": "k1chn-com",
      "provider": "provider.aws",
      "instances": [
        {
          "schema_version": 0,
          "attributes": {
            "acceleration_status": "",
            "acl": "public-read",
            "arn": "arn:aws:s3:::k1chn-com",
            "bucket": "k1chn-com",
            "bucket_domain_name": "k1chn-com.s3.amazonaws.com",
            "bucket_prefix": null,
            "bucket_regional_domain_name": "k1chn-com.s3.us-west-2.amazonaws.com",
            "cors_rule": [],
            "force_destroy": false,
            "hosted_zone_id": "Z3BJ6K6RIION7M",
            "id": "k1chn-com",
            "lifecycle_rule": [],
            "logging": [],
            "object_lock_configuration": [],
            "policy": null,
            "region": "us-west-2",
            "replication_configuration": [],
            "request_payer": "BucketOwner",
            "server_side_encryption_configuration": [],
            "tags": {},
            "versioning": [
              {
                "enabled": false,
                "mfa_delete": false
              }
            ],
            "website": [
              {
                "error_document": "",
                "index_document": "index.html",
                "redirect_all_requests_to": "",
                "routing_rules": ""
              }
            ],
            "website_domain": "s3-website-us-west-2.amazonaws.com",
            "website_endpoint": "k1chn-com.s3-website-us-west-2.amazonaws.com"
          },
          "private": "bnVsbA=="
        }
      ]
    },
    {
      "mode": "managed",
      "type": "aws_s3_bucket",
      "name": "kitchen-logs-bucket",
      "provider": "provider.aws",
      "instances": [
        {
          "schema_version": 0,
          "attributes": {
            "acceleration_status": "",
            "acl": "private",
            "arn": "arn:aws:s3:::kitchen-logs-bucket",
            "bucket": "kitchen-logs-bucket",
            "bucket_domain_name": "kitchen-logs-bucket.s3.amazonaws.com",
            "bucket_prefix": null,
            "bucket_regional_domain_name": "kitchen-logs-bucket.s3.us-west-2.amazonaws.com",
            "cors_rule": [],
            "force_destroy": false,
            "hosted_zone_id": "Z3BJ6K6RIION7M",
            "id": "kitchen-logs-bucket",
            "lifecycle_rule": [],
            "logging": [],
            "object_lock_configuration": [],
            "policy": null,
            "region": "us-west-2",
            "replication_configuration": [],
            "request_payer": "BucketOwner",
            "server_side_encryption_configuration": [],
            "tags": {},
            "versioning": [
              {
                "enabled": false,
                "mfa_delete": false
              }
            ],
            "website": [],
            "website_domain": null,
            "website_endpoint": null
          },
          "private": "bnVsbA=="
        }
      ]
    }
  ]
}
