{
  "version": 4,
  "terraform_version": "0.12.3",
  "serial": 33,
  "lineage": "13f7a6c6-c02c-5b10-903a-9f1a84cad953",
  "outputs": {},
  "resources": [
    {
      "mode": "managed",
      "type": "aws_acm_certificate",
      "name": "k1chn-com",
      "provider": "provider.aws.east",
      "instances": [
        {
          "schema_version": 0,
          "attributes": {
            "arn": "arn:aws:acm:us-east-1:736536521117:certificate/b3e04af7-2e97-454d-8a05-3e625ef35288",
            "certificate_body": null,
            "certificate_chain": null,
            "domain_name": "k1chn.com",
            "domain_validation_options": [
              {
                "domain_name": "k1chn.com",
                "resource_record_name": "_f04c46f6f3b8c6e1f4ee63548d9a6882.k1chn.com.",
                "resource_record_type": "CNAME",
                "resource_record_value": "_8bc74fabffef082e969cd174ab215f13.duyqrilejt.acm-validations.aws."
              },
              {
                "domain_name": "www.k1chn.com",
                "resource_record_name": "_227377e6b9783e9e2c18ea6a508ca4af.www.k1chn.com.",
                "resource_record_type": "CNAME",
                "resource_record_value": "_063a5445db36f86d3bbac1b1e5cbece5.duyqrilejt.acm-validations.aws."
              }
            ],
            "id": "arn:aws:acm:us-east-1:736536521117:certificate/b3e04af7-2e97-454d-8a05-3e625ef35288",
            "private_key": null,
            "subject_alternative_names": [
              "www.k1chn.com"
            ],
            "tags": {},
            "validation_emails": [],
            "validation_method": "DNS"
          },
          "private": "bnVsbA=="
        }
      ]
    },
    {
      "mode": "managed",
      "type": "aws_acm_certificate_validation",
      "name": "k1chn-com",
      "provider": "provider.aws.east",
      "instances": [
        {
          "schema_version": 0,
          "attributes": {
            "certificate_arn": "arn:aws:acm:us-east-1:736536521117:certificate/b3e04af7-2e97-454d-8a05-3e625ef35288",
            "id": "2019-07-06 21:15:05 +0000 UTC",
            "timeouts": null,
            "validation_record_fqdns": [
              "_227377e6b9783e9e2c18ea6a508ca4af.www.k1chn.com",
              "_f04c46f6f3b8c6e1f4ee63548d9a6882.k1chn.com"
            ]
          },
          "private": "eyJlMmJmYjczMC1lY2FhLTExZTYtOGY4OC0zNDM2M2JjN2M0YzAiOnsiY3JlYXRlIjoyNzAwMDAwMDAwMDAwfX0=",
          "depends_on": [
            "aws_acm_certificate.k1chn-com",
            "aws_route53_record.k1chn-com-cert-validation",
            "aws_route53_record.www-k1chn-com-cert-validation"
          ]
        }
      ]
    },
    {
      "mode": "managed",
      "type": "aws_route53_record",
      "name": "k1chn-com-a",
      "provider": "provider.aws",
      "instances": [
        {
          "schema_version": 2,
          "attributes": {
            "alias": [],
            "allow_overwrite": null,
            "failover_routing_policy": [],
            "fqdn": "k1chn.com",
            "geolocation_routing_policy": [],
            "health_check_id": "",
            "id": "Z3K4RGFQHRN857__A",
            "latency_routing_policy": [],
            "multivalue_answer_routing_policy": null,
            "name": "",
            "records": [
              "75.119.217.253"
            ],
            "set_identifier": "",
            "ttl": 300,
            "type": "A",
            "weighted_routing_policy": [],
            "zone_id": "Z3K4RGFQHRN857"
          },
          "private": "eyJzY2hlbWFfdmVyc2lvbiI6IjIifQ==",
          "depends_on": [
            "aws_route53_zone.k1chn-com"
          ]
        }
      ]
    },
    {
      "mode": "managed",
      "type": "aws_route53_record",
      "name": "k1chn-com-cert-validation",
      "provider": "provider.aws",
      "instances": [
        {
          "schema_version": 2,
          "attributes": {
            "alias": [],
            "allow_overwrite": null,
            "failover_routing_policy": [],
            "fqdn": "_f04c46f6f3b8c6e1f4ee63548d9a6882.k1chn.com",
            "geolocation_routing_policy": [],
            "health_check_id": "",
            "id": "Z3K4RGFQHRN857__f04c46f6f3b8c6e1f4ee63548d9a6882.k1chn.com._CNAME",
            "latency_routing_policy": [],
            "multivalue_answer_routing_policy": null,
            "name": "_f04c46f6f3b8c6e1f4ee63548d9a6882.k1chn.com",
            "records": [
              "_8bc74fabffef082e969cd174ab215f13.duyqrilejt.acm-validations.aws."
            ],
            "set_identifier": "",
            "ttl": 60,
            "type": "CNAME",
            "weighted_routing_policy": [],
            "zone_id": "Z3K4RGFQHRN857"
          },
          "private": "eyJzY2hlbWFfdmVyc2lvbiI6IjIifQ==",
          "depends_on": [
            "aws_acm_certificate.k1chn-com",
            "aws_route53_zone.k1chn-com"
          ]
        }
      ]
    },
    {
      "mode": "managed",
      "type": "aws_route53_record",
      "name": "k1chn-com-google",
      "provider": "provider.aws",
      "instances": [
        {
          "schema_version": 2,
          "attributes": {
            "alias": [],
            "allow_overwrite": null,
            "failover_routing_policy": [],
            "fqdn": "k1chn.com",
            "geolocation_routing_policy": [],
            "health_check_id": "",
            "id": "Z3K4RGFQHRN857__TXT",
            "latency_routing_policy": [],
            "multivalue_answer_routing_policy": null,
            "name": "",
            "records": [
              "google-site-verification=4F22G9eDIka8wlNx2L22MIvzz6T0F9f7U4gUsu5YoEo"
            ],
            "set_identifier": "",
            "ttl": 300,
            "type": "TXT",
            "weighted_routing_policy": [],
            "zone_id": "Z3K4RGFQHRN857"
          },
          "private": "eyJzY2hlbWFfdmVyc2lvbiI6IjIifQ==",
          "depends_on": [
            "aws_route53_zone.k1chn-com"
          ]
        }
      ]
    },
    {
      "mode": "managed",
      "type": "aws_route53_record",
      "name": "k1chn-com-keybase",
      "provider": "provider.aws",
      "instances": [
        {
          "schema_version": 2,
          "attributes": {
            "alias": [],
            "allow_overwrite": null,
            "failover_routing_policy": [],
            "fqdn": "_keybase.k1chn.com",
            "geolocation_routing_policy": [],
            "health_check_id": "",
            "id": "Z3K4RGFQHRN857__keybase_TXT",
            "latency_routing_policy": [],
            "multivalue_answer_routing_policy": null,
            "name": "_keybase",
            "records": [
              "keybase-site-verification=VoTtE4BZ-4lGoH4_jOd-ZvX3IQQTDdjehHzjqc4UkaU"
            ],
            "set_identifier": "",
            "ttl": 300,
            "type": "TXT",
            "weighted_routing_policy": [],
            "zone_id": "Z3K4RGFQHRN857"
          },
          "private": "eyJzY2hlbWFfdmVyc2lvbiI6IjIifQ==",
          "depends_on": [
            "aws_route53_zone.k1chn-com"
          ]
        }
      ]
    },
    {
      "mode": "managed",
      "type": "aws_route53_record",
      "name": "www-k1chn-com-a",
      "provider": "provider.aws",
      "instances": [
        {
          "schema_version": 2,
          "attributes": {
            "alias": [],
            "allow_overwrite": null,
            "failover_routing_policy": [],
            "fqdn": "www.k1chn.com",
            "geolocation_routing_policy": [],
            "health_check_id": "",
            "id": "Z3K4RGFQHRN857_www_A",
            "latency_routing_policy": [],
            "multivalue_answer_routing_policy": null,
            "name": "www",
            "records": [
              "75.119.217.253"
            ],
            "set_identifier": "",
            "ttl": 300,
            "type": "A",
            "weighted_routing_policy": [],
            "zone_id": "Z3K4RGFQHRN857"
          },
          "private": "eyJzY2hlbWFfdmVyc2lvbiI6IjIifQ==",
          "depends_on": [
            "aws_route53_zone.k1chn-com"
          ]
        }
      ]
    },
    {
      "mode": "managed",
      "type": "aws_route53_record",
      "name": "www-k1chn-com-cert-validation",
      "provider": "provider.aws",
      "instances": [
        {
          "schema_version": 2,
          "attributes": {
            "alias": [],
            "allow_overwrite": null,
            "failover_routing_policy": [],
            "fqdn": "_227377e6b9783e9e2c18ea6a508ca4af.www.k1chn.com",
            "geolocation_routing_policy": [],
            "health_check_id": "",
            "id": "Z3K4RGFQHRN857__227377e6b9783e9e2c18ea6a508ca4af.www.k1chn.com._CNAME",
            "latency_routing_policy": [],
            "multivalue_answer_routing_policy": null,
            "name": "_227377e6b9783e9e2c18ea6a508ca4af.www.k1chn.com",
            "records": [
              "_063a5445db36f86d3bbac1b1e5cbece5.duyqrilejt.acm-validations.aws."
            ],
            "set_identifier": "",
            "ttl": 60,
            "type": "CNAME",
            "weighted_routing_policy": [],
            "zone_id": "Z3K4RGFQHRN857"
          },
          "private": "eyJzY2hlbWFfdmVyc2lvbiI6IjIifQ==",
          "depends_on": [
            "aws_acm_certificate.k1chn-com",
            "aws_route53_zone.k1chn-com"
          ]
        }
      ]
    },
    {
      "mode": "managed",
      "type": "aws_route53_zone",
      "name": "k1chn-com",
      "provider": "provider.aws",
      "instances": [
        {
          "schema_version": 0,
          "attributes": {
            "comment": "k1chn.com",
            "delegation_set_id": "",
            "force_destroy": false,
            "id": "Z3K4RGFQHRN857",
            "name": "k1chn.com.",
            "name_servers": [
              "ns-1216.awsdns-24.org",
              "ns-1715.awsdns-22.co.uk",
              "ns-336.awsdns-42.com",
              "ns-718.awsdns-25.net"
            ],
            "tags": {},
            "vpc": [],
            "vpc_id": null,
            "vpc_region": null,
            "zone_id": "Z3K4RGFQHRN857"
          },
          "private": "bnVsbA=="
        }
      ]
    },
    {
      "mode": "managed",
      "type": "aws_s3_bucket",
      "name": "k1chn-com",
      "provider": "provider.aws",
      "instances": [
        {
          "schema_version": 0,
          "attributes": {
            "acceleration_status": "",
            "acl": "public-read",
            "arn": "arn:aws:s3:::k1chn-com",
            "bucket": "k1chn-com",
            "bucket_domain_name": "k1chn-com.s3.amazonaws.com",
            "bucket_prefix": null,
            "bucket_regional_domain_name": "k1chn-com.s3.us-west-2.amazonaws.com",
            "cors_rule": [],
            "force_destroy": false,
            "hosted_zone_id": "Z3BJ6K6RIION7M",
            "id": "k1chn-com",
            "lifecycle_rule": [],
            "logging": [],
            "object_lock_configuration": [],
            "policy": null,
            "region": "us-west-2",
            "replication_configuration": [],
            "request_payer": "BucketOwner",
            "server_side_encryption_configuration": [],
            "tags": {},
            "versioning": [
              {
                "enabled": false,
                "mfa_delete": false
              }
            ],
            "website": [
              {
                "error_document": "",
                "index_document": "index.html",
                "redirect_all_requests_to": "",
                "routing_rules": ""
              }
            ],
            "website_domain": "s3-website-us-west-2.amazonaws.com",
            "website_endpoint": "k1chn-com.s3-website-us-west-2.amazonaws.com"
          },
          "private": "bnVsbA=="
        }
      ]
    },
    {
      "mode": "managed",
      "type": "aws_s3_bucket",
      "name": "kitchen-logs-bucket",
      "provider": "provider.aws",
      "instances": [
        {
          "schema_version": 0,
          "attributes": {
            "acceleration_status": "",
            "acl": "private",
            "arn": "arn:aws:s3:::kitchen-logs-bucket",
            "bucket": "kitchen-logs-bucket",
            "bucket_domain_name": "kitchen-logs-bucket.s3.amazonaws.com",
            "bucket_prefix": null,
            "bucket_regional_domain_name": "kitchen-logs-bucket.s3.us-west-2.amazonaws.com",
            "cors_rule": [],
            "force_destroy": false,
            "hosted_zone_id": "Z3BJ6K6RIION7M",
            "id": "kitchen-logs-bucket",
            "lifecycle_rule": [],
            "logging": [],
            "object_lock_configuration": [],
            "policy": null,
            "region": "us-west-2",
            "replication_configuration": [],
            "request_payer": "BucketOwner",
            "server_side_encryption_configuration": [],
            "tags": {},
            "versioning": [
              {
                "enabled": false,
                "mfa_delete": false
              }
            ],
            "website": [],
            "website_domain": null,
            "website_endpoint": null
          },
          "private": "bnVsbA=="
        }
      ]
    }
  ]
}
